
Microsoft Visual Studio Solution File, Format Version 12.00
# Visual Studio 14
VisualStudioVersion = 14.0.25420.1
MinimumVisualStudioVersion = 10.0.40219.1
Project("{FAE04EC0-301F-11D3-BF4B-00C04F79EFBC}") = "MachineDLL", "MachineDLL\MachineDLL.csproj", "{07BFED54-230A-428B-AA1C-B3B2AF5B10F1}"
EndProject
Project("{FAE04EC0-301F-11D3-BF4B-00C04F79EFBC}") = "WindowsFormsApplication1", "MachineTestWinApp\WindowsFormsApplication1\WindowsFormsApplication1.csproj", "{E34D54C4-98EA-41DB-8CDF-4CC1456B1992}"
EndProject
Project("{FAE04EC0-301F-11D3-BF4B-00C04F79EFBC}") = "AutoDictate", "AutoDictate\AutoDictate.csproj", "{D024040B-6B45-4EE9-9B67-F36962D02F58}"
EndProject
Project("{FAE04EC0-301F-11D3-BF4B-00C04F79EFBC}") = "AIPackingPP", "AIPackingPP\AIPackingPP.csproj", "{B37C315B-0F82-47C9-9670-696AD41E7CF4}"
EndProject
Project("{FAE04EC0-301F-11D3-BF4B-00C04F79EFBC}") = "BendingProject", "BendingProject\BendingProject.csproj", "{29AFBFF7-4328-46B6-B957-43D6A4BE7A43}"
EndProject
Project("{FAE04EC0-301F-11D3-BF4B-00C04F79EFBC}") = "DATA_UPLOADER", "UPLOADER_DATA\DATA_UPLOADER.csproj", "{8782454E-02F7-4AF4-9F9C-FBF4CA993F12}"
EndProject
Project("{FAE04EC0-301F-11D3-BF4B-00C04F79EFBC}") = "Autovericode", "AutoVericode\Autovericode.csproj", "{A2668817-414B-44E6-9422-BA5572E9C61D}"
EndProject
Project("{FAE04EC0-301F-11D3-BF4B-00C04F79EFBC}") = "HTSPacking", "HTSPacking\HTSPacking.csproj", "{760DF668-95C7-41EA-AE98-2F2851255830}"
EndProject
Project("{F184B08F-C81C-45F6-A57F-5ABD9991F28F}") = "MMCTWIPDLL", "..\Project_AI\MMCTWIPDLL\MMCTWIPDLL\MMCTWIPDLL.vbproj", "{8809020B-B140-45C4-9446-AE4DE26F44B5}"
EndProject
Project("{FAE04EC0-301F-11D3-BF4B-00C04F79EFBC}") = "MMCTApi", "..\Project\MMCT Microservices\Webapi\MMCTApi.csproj", "{E79A6B2A-4DAC-45E5-BEA6-A1A8FCFE98EB}"
EndProject
Project("{F184B08F-C81C-45F6-A57F-5ABD9991F28F}") = "TestApp", "..\Project_AI\MMCTWIPDLL\TestApp\TestApp\TestApp.vbproj", "{525B4DDC-83CC-4931-BD1D-C53BEF4F263E}"
EndProject
Project("{FAE04EC0-301F-11D3-BF4B-00C04F79EFBC}") = "BraketReader", "..\Project_HDD\BraketReader\BraketReader\BraketReader.csproj", "{B92A2144-622C-4C0E-819F-CE7087441DB3}"
EndProject
Project("{FAE04EC0-301F-11D3-BF4B-00C04F79EFBC}") = "TestBaketReader", "..\Project_HDD\BraketReader\TestBaketReader\TestBaketReader.csproj", "{A0CEDDA3-EED9-422E-BA31-AF9A03791B52}"
EndProject
Global
	GlobalSection(SolutionConfigurationPlatforms) = preSolution
		Debug|Any CPU = Debug|Any CPU
		Debug|x64 = Debug|x64
		Debug|x86 = Debug|x86
		Release|Any CPU = Release|Any CPU
		Release|x64 = Release|x64
		Release|x86 = Release|x86
	EndGlobalSection
	GlobalSection(ProjectConfigurationPlatforms) = postSolution
		{07BFED54-230A-428B-AA1C-B3B2AF5B10F1}.Debug|Any CPU.ActiveCfg = Debug|Any CPU
		{07BFED54-230A-428B-AA1C-B3B2AF5B10F1}.Debug|Any CPU.Build.0 = Debug|Any CPU
		{07BFED54-230A-428B-AA1C-B3B2AF5B10F1}.Debug|x64.ActiveCfg = Debug|Any CPU
		{07BFED54-230A-428B-AA1C-B3B2AF5B10F1}.Debug|x64.Build.0 = Debug|Any CPU
		{07BFED54-230A-428B-AA1C-B3B2AF5B10F1}.Debug|x86.ActiveCfg = Debug|Any CPU
		{07BFED54-230A-428B-AA1C-B3B2AF5B10F1}.Debug|x86.Build.0 = Debug|Any CPU
		{07BFED54-230A-428B-AA1C-B3B2AF5B10F1}.Release|Any CPU.ActiveCfg = Release|Any CPU
		{07BFED54-230A-428B-AA1C-B3B2AF5B10F1}.Release|Any CPU.Build.0 = Release|Any CPU
		{07BFED54-230A-428B-AA1C-B3B2AF5B10F1}.Release|x64.ActiveCfg = Release|Any CPU
		{07BFED54-230A-428B-AA1C-B3B2AF5B10F1}.Release|x64.Build.0 = Release|Any CPU
		{07BFED54-230A-428B-AA1C-B3B2AF5B10F1}.Release|x86.ActiveCfg = Release|Any CPU
		{07BFED54-230A-428B-AA1C-B3B2AF5B10F1}.Release|x86.Build.0 = Release|Any CPU
		{E34D54C4-98EA-41DB-8CDF-4CC1456B1992}.Debug|Any CPU.ActiveCfg = Debug|Any CPU
		{E34D54C4-98EA-41DB-8CDF-4CC1456B1992}.Debug|Any CPU.Build.0 = Debug|Any CPU
		{E34D54C4-98EA-41DB-8CDF-4CC1456B1992}.Debug|x64.ActiveCfg = Debug|Any CPU
		{E34D54C4-98EA-41DB-8CDF-4CC1456B1992}.Debug|x64.Build.0 = Debug|Any CPU
		{E34D54C4-98EA-41DB-8CDF-4CC1456B1992}.Debug|x86.ActiveCfg = Debug|Any CPU
		{E34D54C4-98EA-41DB-8CDF-4CC1456B1992}.Debug|x86.Build.0 = Debug|Any CPU
		{E34D54C4-98EA-41DB-8CDF-4CC1456B1992}.Release|Any CPU.ActiveCfg = Release|Any CPU
		{E34D54C4-98EA-41DB-8CDF-4CC1456B1992}.Release|Any CPU.Build.0 = Release|Any CPU
		{E34D54C4-98EA-41DB-8CDF-4CC1456B1992}.Release|x64.ActiveCfg = Release|Any CPU
		{E34D54C4-98EA-41DB-8CDF-4CC1456B1992}.Release|x64.Build.0 = Release|Any CPU
		{E34D54C4-98EA-41DB-8CDF-4CC1456B1992}.Release|x86.ActiveCfg = Release|Any CPU
		{E34D54C4-98EA-41DB-8CDF-4CC1456B1992}.Release|x86.Build.0 = Release|Any CPU
		{D024040B-6B45-4EE9-9B67-F36962D02F58}.Debug|Any CPU.ActiveCfg = Debug|Any CPU
		{D024040B-6B45-4EE9-9B67-F36962D02F58}.Debug|Any CPU.Build.0 = Debug|Any CPU
		{D024040B-6B45-4EE9-9B67-F36962D02F58}.Debug|x64.ActiveCfg = Debug|Any CPU
		{D024040B-6B45-4EE9-9B67-F36962D02F58}.Debug|x64.Build.0 = Debug|Any CPU
		{D024040B-6B45-4EE9-9B67-F36962D02F58}.Debug|x86.ActiveCfg = Debug|Any CPU
		{D024040B-6B45-4EE9-9B67-F36962D02F58}.Debug|x86.Build.0 = Debug|Any CPU
		{D024040B-6B45-4EE9-9B67-F36962D02F58}.Release|Any CPU.ActiveCfg = Release|Any CPU
		{D024040B-6B45-4EE9-9B67-F36962D02F58}.Release|Any CPU.Build.0 = Release|Any CPU
		{D024040B-6B45-4EE9-9B67-F36962D02F58}.Release|x64.ActiveCfg = Release|Any CPU
		{D024040B-6B45-4EE9-9B67-F36962D02F58}.Release|x64.Build.0 = Release|Any CPU
		{D024040B-6B45-4EE9-9B67-F36962D02F58}.Release|x86.ActiveCfg = Release|Any CPU
		{D024040B-6B45-4EE9-9B67-F36962D02F58}.Release|x86.Build.0 = Release|Any CPU
		{B37C315B-0F82-47C9-9670-696AD41E7CF4}.Debug|Any CPU.ActiveCfg = Debug|Any CPU
		{B37C315B-0F82-47C9-9670-696AD41E7CF4}.Debug|Any CPU.Build.0 = Debug|Any CPU
		{B37C315B-0F82-47C9-9670-696AD41E7CF4}.Debug|x64.ActiveCfg = Debug|Any CPU
		{B37C315B-0F82-47C9-9670-696AD41E7CF4}.Debug|x64.Build.0 = Debug|Any CPU
		{B37C315B-0F82-47C9-9670-696AD41E7CF4}.Debug|x86.ActiveCfg = Debug|Any CPU
		{B37C315B-0F82-47C9-9670-696AD41E7CF4}.Debug|x86.Build.0 = Debug|Any CPU
		{B37C315B-0F82-47C9-9670-696AD41E7CF4}.Release|Any CPU.ActiveCfg = Release|Any CPU
		{B37C315B-0F82-47C9-9670-696AD41E7CF4}.Release|Any CPU.Build.0 = Release|Any CPU
		{B37C315B-0F82-47C9-9670-696AD41E7CF4}.Release|x64.ActiveCfg = Release|Any CPU
		{B37C315B-0F82-47C9-9670-696AD41E7CF4}.Release|x64.Build.0 = Release|Any CPU
		{B37C315B-0F82-47C9-9670-696AD41E7CF4}.Release|x86.ActiveCfg = Release|Any CPU
		{B37C315B-0F82-47C9-9670-696AD41E7CF4}.Release|x86.Build.0 = Release|Any CPU
		{29AFBFF7-4328-46B6-B957-43D6A4BE7A43}.Debug|Any CPU.ActiveCfg = Debug|Any CPU
		{29AFBFF7-4328-46B6-B957-43D6A4BE7A43}.Debug|Any CPU.Build.0 = Debug|Any CPU
		{29AFBFF7-4328-46B6-B957-43D6A4BE7A43}.Debug|x64.ActiveCfg = Debug|Any CPU
		{29AFBFF7-4328-46B6-B957-43D6A4BE7A43}.Debug|x64.Build.0 = Debug|Any CPU
		{29AFBFF7-4328-46B6-B957-43D6A4BE7A43}.Debug|x86.ActiveCfg = Debug|Any CPU
		{29AFBFF7-4328-46B6-B957-43D6A4BE7A43}.Debug|x86.Build.0 = Debug|Any CPU
		{29AFBFF7-4328-46B6-B957-43D6A4BE7A43}.Release|Any CPU.ActiveCfg = Release|Any CPU
		{29AFBFF7-4328-46B6-B957-43D6A4BE7A43}.Release|Any CPU.Build.0 = Release|Any CPU
		{29AFBFF7-4328-46B6-B957-43D6A4BE7A43}.Release|x64.ActiveCfg = Release|Any CPU
		{29AFBFF7-4328-46B6-B957-43D6A4BE7A43}.Release|x64.Build.0 = Release|Any CPU
		{29AFBFF7-4328-46B6-B957-43D6A4BE7A43}.Release|x86.ActiveCfg = Release|Any CPU
		{29AFBFF7-4328-46B6-B957-43D6A4BE7A43}.Release|x86.Build.0 = Release|Any CPU
		{8782454E-02F7-4AF4-9F9C-FBF4CA993F12}.Debug|Any CPU.ActiveCfg = Debug|Any CPU
		{8782454E-02F7-4AF4-9F9C-FBF4CA993F12}.Debug|Any CPU.Build.0 = Debug|Any CPU
		{8782454E-02F7-4AF4-9F9C-FBF4CA993F12}.Debug|x64.ActiveCfg = Debug|Any CPU
		{8782454E-02F7-4AF4-9F9C-FBF4CA993F12}.Debug|x64.Build.0 = Debug|Any CPU
		{8782454E-02F7-4AF4-9F9C-FBF4CA993F12}.Debug|x86.ActiveCfg = Debug|Any CPU
		{8782454E-02F7-4AF4-9F9C-FBF4CA993F12}.Debug|x86.Build.0 = Debug|Any CPU
		{8782454E-02F7-4AF4-9F9C-FBF4CA993F12}.Release|Any CPU.ActiveCfg = Release|Any CPU
		{8782454E-02F7-4AF4-9F9C-FBF4CA993F12}.Release|Any CPU.Build.0 = Release|Any CPU
		{8782454E-02F7-4AF4-9F9C-FBF4CA993F12}.Release|x64.ActiveCfg = Release|Any CPU
		{8782454E-02F7-4AF4-9F9C-FBF4CA993F12}.Release|x64.Build.0 = Release|Any CPU
		{8782454E-02F7-4AF4-9F9C-FBF4CA993F12}.Release|x86.ActiveCfg = Release|Any CPU
		{8782454E-02F7-4AF4-9F9C-FBF4CA993F12}.Release|x86.Build.0 = Release|Any CPU
		{A2668817-414B-44E6-9422-BA5572E9C61D}.Debug|Any CPU.ActiveCfg = Debug|Any CPU
		{A2668817-414B-44E6-9422-BA5572E9C61D}.Debug|Any CPU.Build.0 = Debug|Any CPU
		{A2668817-414B-44E6-9422-BA5572E9C61D}.Debug|x64.ActiveCfg = Debug|Any CPU
		{A2668817-414B-44E6-9422-BA5572E9C61D}.Debug|x64.Build.0 = Debug|Any CPU
		{A2668817-414B-44E6-9422-BA5572E9C61D}.Debug|x86.ActiveCfg = Debug|Any CPU
		{A2668817-414B-44E6-9422-BA5572E9C61D}.Debug|x86.Build.0 = Debug|Any CPU
		{A2668817-414B-44E6-9422-BA5572E9C61D}.Release|Any CPU.ActiveCfg = Release|Any CPU
		{A2668817-414B-44E6-9422-BA5572E9C61D}.Release|Any CPU.Build.0 = Release|Any CPU
		{A2668817-414B-44E6-9422-BA5572E9C61D}.Release|x64.ActiveCfg = Release|Any CPU
		{A2668817-414B-44E6-9422-BA5572E9C61D}.Release|x64.Build.0 = Release|Any CPU
		{A2668817-414B-44E6-9422-BA5572E9C61D}.Release|x86.ActiveCfg = Release|Any CPU
		{A2668817-414B-44E6-9422-BA5572E9C61D}.Release|x86.Build.0 = Release|Any CPU
		{760DF668-95C7-41EA-AE98-2F2851255830}.Debug|Any CPU.ActiveCfg = Debug|Any CPU
		{760DF668-95C7-41EA-AE98-2F2851255830}.Debug|Any CPU.Build.0 = Debug|Any CPU
		{760DF668-95C7-41EA-AE98-2F2851255830}.Debug|x64.ActiveCfg = Debug|Any CPU
		{760DF668-95C7-41EA-AE98-2F2851255830}.Debug|x64.Build.0 = Debug|Any CPU
		{760DF668-95C7-41EA-AE98-2F2851255830}.Debug|x86.ActiveCfg = Debug|Any CPU
		{760DF668-95C7-41EA-AE98-2F2851255830}.Debug|x86.Build.0 = Debug|Any CPU
		{760DF668-95C7-41EA-AE98-2F2851255830}.Release|Any CPU.ActiveCfg = Release|Any CPU
		{760DF668-95C7-41EA-AE98-2F2851255830}.Release|Any CPU.Build.0 = Release|Any CPU
		{760DF668-95C7-41EA-AE98-2F2851255830}.Release|x64.ActiveCfg = Release|Any CPU
		{760DF668-95C7-41EA-AE98-2F2851255830}.Release|x64.Build.0 = Release|Any CPU
		{760DF668-95C7-41EA-AE98-2F2851255830}.Release|x86.ActiveCfg = Release|Any CPU
		{760DF668-95C7-41EA-AE98-2F2851255830}.Release|x86.Build.0 = Release|Any CPU
		{8809020B-B140-45C4-9446-AE4DE26F44B5}.Debug|Any CPU.ActiveCfg = Debug|Any CPU
		{8809020B-B140-45C4-9446-AE4DE26F44B5}.Debug|Any CPU.Build.0 = Debug|Any CPU
		{8809020B-B140-45C4-9446-AE4DE26F44B5}.Debug|x64.ActiveCfg = Debug|Any CPU
		{8809020B-B140-45C4-9446-AE4DE26F44B5}.Debug|x64.Build.0 = Debug|Any CPU
		{8809020B-B140-45C4-9446-AE4DE26F44B5}.Debug|x86.ActiveCfg = Debug|Any CPU
		{8809020B-B140-45C4-9446-AE4DE26F44B5}.Debug|x86.Build.0 = Debug|Any CPU
		{8809020B-B140-45C4-9446-AE4DE26F44B5}.Release|Any CPU.ActiveCfg = Release|Any CPU
		{8809020B-B140-45C4-9446-AE4DE26F44B5}.Release|Any CPU.Build.0 = Release|Any CPU
		{8809020B-B140-45C4-9446-AE4DE26F44B5}.Release|x64.ActiveCfg = Release|Any CPU
		{8809020B-B140-45C4-9446-AE4DE26F44B5}.Release|x64.Build.0 = Release|Any CPU
		{8809020B-B140-45C4-9446-AE4DE26F44B5}.Release|x86.ActiveCfg = Release|Any CPU
		{8809020B-B140-45C4-9446-AE4DE26F44B5}.Release|x86.Build.0 = Release|Any CPU
		{E79A6B2A-4DAC-45E5-BEA6-A1A8FCFE98EB}.Debug|Any CPU.ActiveCfg = Debug|Any CPU
		{E79A6B2A-4DAC-45E5-BEA6-A1A8FCFE98EB}.Debug|Any CPU.Build.0 = Debug|Any CPU
		{E79A6B2A-4DAC-45E5-BEA6-A1A8FCFE98EB}.Debug|x64.ActiveCfg = Debug|Any CPU
		{E79A6B2A-4DAC-45E5-BEA6-A1A8FCFE98EB}.Debug|x64.Build.0 = Debug|Any CPU
		{E79A6B2A-4DAC-45E5-BEA6-A1A8FCFE98EB}.Debug|x86.ActiveCfg = Debug|Any CPU
		{E79A6B2A-4DAC-45E5-BEA6-A1A8FCFE98EB}.Debug|x86.Build.0 = Debug|Any CPU
		{E79A6B2A-4DAC-45E5-BEA6-A1A8FCFE98EB}.Release|Any CPU.ActiveCfg = Release|Any CPU
		{E79A6B2A-4DAC-45E5-BEA6-A1A8FCFE98EB}.Release|Any CPU.Build.0 = Release|Any CPU
		{E79A6B2A-4DAC-45E5-BEA6-A1A8FCFE98EB}.Release|x64.ActiveCfg = Release|Any CPU
		{E79A6B2A-4DAC-45E5-BEA6-A1A8FCFE98EB}.Release|x64.Build.0 = Release|Any CPU
		{E79A6B2A-4DAC-45E5-BEA6-A1A8FCFE98EB}.Release|x86.ActiveCfg = Release|Any CPU
		{E79A6B2A-4DAC-45E5-BEA6-A1A8FCFE98EB}.Release|x86.Build.0 = Release|Any CPU
		{525B4DDC-83CC-4931-BD1D-C53BEF4F263E}.Debug|Any CPU.ActiveCfg = Debug|Any CPU
		{525B4DDC-83CC-4931-BD1D-C53BEF4F263E}.Debug|Any CPU.Build.0 = Debug|Any CPU
		{525B4DDC-83CC-4931-BD1D-C53BEF4F263E}.Debug|x64.ActiveCfg = Debug|Any CPU
		{525B4DDC-83CC-4931-BD1D-C53BEF4F263E}.Debug|x64.Build.0 = Debug|Any CPU
		{525B4DDC-83CC-4931-BD1D-C53BEF4F263E}.Debug|x86.ActiveCfg = Debug|Any CPU
		{525B4DDC-83CC-4931-BD1D-C53BEF4F263E}.Debug|x86.Build.0 = Debug|Any CPU
		{525B4DDC-83CC-4931-BD1D-C53BEF4F263E}.Release|Any CPU.ActiveCfg = Release|Any CPU
		{525B4DDC-83CC-4931-BD1D-C53BEF4F263E}.Release|Any CPU.Build.0 = Release|Any CPU
		{525B4DDC-83CC-4931-BD1D-C53BEF4F263E}.Release|x64.ActiveCfg = Release|Any CPU
		{525B4DDC-83CC-4931-BD1D-C53BEF4F263E}.Release|x64.Build.0 = Release|Any CPU
		{525B4DDC-83CC-4931-BD1D-C53BEF4F263E}.Release|x86.ActiveCfg = Release|Any CPU
		{525B4DDC-83CC-4931-BD1D-C53BEF4F263E}.Release|x86.Build.0 = Release|Any CPU
		{B92A2144-622C-4C0E-819F-CE7087441DB3}.Debug|Any CPU.ActiveCfg = Debug|Any CPU
		{B92A2144-622C-4C0E-819F-CE7087441DB3}.Debug|Any CPU.Build.0 = Debug|Any CPU
		{B92A2144-622C-4C0E-819F-CE7087441DB3}.Debug|x64.ActiveCfg = Debug|Any CPU
		{B92A2144-622C-4C0E-819F-CE7087441DB3}.Debug|x64.Build.0 = Debug|Any CPU
		{B92A2144-622C-4C0E-819F-CE7087441DB3}.Debug|x86.ActiveCfg = Debug|Any CPU
		{B92A2144-622C-4C0E-819F-CE7087441DB3}.Debug|x86.Build.0 = Debug|Any CPU
		{B92A2144-622C-4C0E-819F-CE7087441DB3}.Release|Any CPU.ActiveCfg = Release|Any CPU
		{B92A2144-622C-4C0E-819F-CE7087441DB3}.Release|Any CPU.Build.0 = Release|Any CPU
		{B92A2144-622C-4C0E-819F-CE7087441DB3}.Release|x64.ActiveCfg = Release|Any CPU
		{B92A2144-622C-4C0E-819F-CE7087441DB3}.Release|x64.Build.0 = Release|Any CPU
		{B92A2144-622C-4C0E-819F-CE7087441DB3}.Release|x86.ActiveCfg = Release|Any CPU
		{B92A2144-622C-4C0E-819F-CE7087441DB3}.Release|x86.Build.0 = Release|Any CPU
		{A0CEDDA3-EED9-422E-BA31-AF9A03791B52}.Debug|Any CPU.ActiveCfg = Debug|x86
		{A0CEDDA3-EED9-422E-BA31-AF9A03791B52}.Debug|x64.ActiveCfg = Debug|x86
		{A0CEDDA3-EED9-422E-BA31-AF9A03791B52}.Debug|x86.ActiveCfg = Debug|x86
		{A0CEDDA3-EED9-422E-BA31-AF9A03791B52}.Debug|x86.Build.0 = Debug|x86
		{A0CEDDA3-EED9-422E-BA31-AF9A03791B52}.Release|Any CPU.ActiveCfg = Release|x86
		{A0CEDDA3-EED9-422E-BA31-AF9A03791B52}.Release|x64.ActiveCfg = Release|x86
		{A0CEDDA3-EED9-422E-BA31-AF9A03791B52}.Release|x86.ActiveCfg = Release|x86
		{A0CEDDA3-EED9-422E-BA31-AF9A03791B52}.Release|x86.Build.0 = Release|x86
	EndGlobalSection
	GlobalSection(SolutionProperties) = preSolution
		HideSolutionNode = FALSE
	EndGlobalSection
	GlobalSection(ExtensibilityGlobals) = postSolution
		SolutionGuid = {25DD5BA9-E66C-450E-88AC-BE000215EE6E}
		VisualSVNWorkingCopyRoot = .
	EndGlobalSection
EndGlobal
